// !$*UTF8*$!
{
	archiveVersion = 1;
	classes = {
	};
	objectVersion = 50;
	objects = {

/* Begin PBXBuildFile section */
		0014770826429DB500D5E19A /* AppDelegate.swift in Sources */ = {isa = PBXBuildFile; fileRef = 0014770726429DB500D5E19A /* AppDelegate.swift */; };
		0014770A26429DB500D5E19A /* SceneDelegate.swift in Sources */ = {isa = PBXBuildFile; fileRef = 0014770926429DB500D5E19A /* SceneDelegate.swift */; };
		0014770C26429DB500D5E19A /* ViewController.swift in Sources */ = {isa = PBXBuildFile; fileRef = 0014770B26429DB500D5E19A /* ViewController.swift */; };
		0014770F26429DB500D5E19A /* Main.storyboard in Resources */ = {isa = PBXBuildFile; fileRef = 0014770D26429DB500D5E19A /* Main.storyboard */; };
		0014771126429DB800D5E19A /* Assets.xcassets in Resources */ = {isa = PBXBuildFile; fileRef = 0014771026429DB800D5E19A /* Assets.xcassets */; };
		0014771426429DB800D5E19A /* LaunchScreen.storyboard in Resources */ = {isa = PBXBuildFile; fileRef = 0014771226429DB800D5E19A /* LaunchScreen.storyboard */; };
		0014771F26429DB800D5E19A /* iQuizTests.swift in Sources */ = {isa = PBXBuildFile; fileRef = 0014771E26429DB800D5E19A /* iQuizTests.swift */; };
		0014772A26429DB800D5E19A /* iQuizUITests.swift in Sources */ = {isa = PBXBuildFile; fileRef = 0014772926429DB800D5E19A /* iQuizUITests.swift */; };
		00147740264440A200D5E19A /* QuestionViewController.swift in Sources */ = {isa = PBXBuildFile; fileRef = 0014773F264440A200D5E19A /* QuestionViewController.swift */; };
/* End PBXBuildFile section */

/* Begin PBXContainerItemProxy section */
		0014771B26429DB800D5E19A /* PBXContainerItemProxy */ = {
			isa = PBXContainerItemProxy;
			containerPortal = 001476FC26429DB500D5E19A /* Project object */;
			proxyType = 1;
			remoteGlobalIDString = 0014770326429DB500D5E19A;
			remoteInfo = iQuiz;
		};
		0014772626429DB800D5E19A /* PBXContainerItemProxy */ = {
			isa = PBXContainerItemProxy;
			containerPortal = 001476FC26429DB500D5E19A /* Project object */;
			proxyType = 1;
			remoteGlobalIDString = 0014770326429DB500D5E19A;
			remoteInfo = iQuiz;
		};
/* End PBXContainerItemProxy section */

/* Begin PBXFileReference section */
		0014770426429DB500D5E19A /* iQuiz.app */ = {isa = PBXFileReference; explicitFileType = wrapper.application; includeInIndex = 0; path = iQuiz.app; sourceTree = BUILT_PRODUCTS_DIR; };
		0014770726429DB500D5E19A /* AppDelegate.swift */ = {isa = PBXFileReference; lastKnownFileType = sourcecode.swift; path = AppDelegate.swift; sourceTree = "<group>"; };
		0014770926429DB500D5E19A /* SceneDelegate.swift */ = {isa = PBXFileReference; lastKnownFileType = sourcecode.swift; path = SceneDelegate.swift; sourceTree = "<group>"; };
		0014770B26429DB500D5E19A /* ViewController.swift */ = {isa = PBXFileReference; lastKnownFileType = sourcecode.swift; path = ViewController.swift; sourceTree = "<group>"; };
		0014770E26429DB500D5E19A /* Base */ = {isa = PBXFileReference; lastKnownFileType = file.storyboard; name = Base; path = Base.lproj/Main.storyboard; sourceTree = "<group>"; };
		0014771026429DB800D5E19A /* Assets.xcassets */ = {isa = PBXFileReference; lastKnownFileType = folder.assetcatalog; path = Assets.xcassets; sourceTree = "<group>"; };
		0014771326429DB800D5E19A /* Base */ = {isa = PBXFileReference; lastKnownFileType = file.storyboard; name = Base; path = Base.lproj/LaunchScreen.storyboard; sourceTree = "<group>"; };
		0014771526429DB800D5E19A /* Info.plist */ = {isa = PBXFileReference; lastKnownFileType = text.plist.xml; path = Info.plist; sourceTree = "<group>"; };
		0014771A26429DB800D5E19A /* iQuizTests.xctest */ = {isa = PBXFileReference; explicitFileType = wrapper.cfbundle; includeInIndex = 0; path = iQuizTests.xctest; sourceTree = BUILT_PRODUCTS_DIR; };
		0014771E26429DB800D5E19A /* iQuizTests.swift */ = {isa = PBXFileReference; lastKnownFileType = sourcecode.swift; path = iQuizTests.swift; sourceTree = "<group>"; };
		0014772026429DB800D5E19A /* Info.plist */ = {isa = PBXFileReference; lastKnownFileType = text.plist.xml; path = Info.plist; sourceTree = "<group>"; };
		0014772526429DB800D5E19A /* iQuizUITests.xctest */ = {isa = PBXFileReference; explicitFileType = wrapper.cfbundle; includeInIndex = 0; path = iQuizUITests.xctest; sourceTree = BUILT_PRODUCTS_DIR; };
		0014772926429DB800D5E19A /* iQuizUITests.swift */ = {isa = PBXFileReference; lastKnownFileType = sourcecode.swift; path = iQuizUITests.swift; sourceTree = "<group>"; };
		0014772B26429DB800D5E19A /* Info.plist */ = {isa = PBXFileReference; lastKnownFileType = text.plist.xml; path = Info.plist; sourceTree = "<group>"; };
		0014773F264440A200D5E19A /* QuestionViewController.swift */ = {isa = PBXFileReference; lastKnownFileType = sourcecode.swift; path = QuestionViewController.swift; sourceTree = "<group>"; };
/* End PBXFileReference section */

/* Begin PBXFrameworksBuildPhase section */
		0014770126429DB500D5E19A /* Frameworks */ = {
			isa = PBXFrameworksBuildPhase;
			buildActionMask = 2147483647;
			files = (
			);
			runOnlyForDeploymentPostprocessing = 0;
		};
		0014771726429DB800D5E19A /* Frameworks */ = {
			isa = PBXFrameworksBuildPhase;
			buildActionMask = 2147483647;
			files = (
			);
			runOnlyForDeploymentPostprocessing = 0;
		};
		0014772226429DB800D5E19A /* Frameworks */ = {
			isa = PBXFrameworksBuildPhase;
			buildActionMask = 2147483647;
			files = (
			);
			runOnlyForDeploymentPostprocessing = 0;
		};
/* End PBXFrameworksBuildPhase section */

/* Begin PBXGroup section */
		001476FB26429DB500D5E19A = {
			isa = PBXGroup;
			children = (
				0014770626429DB500D5E19A /* iQuiz */,
				0014771D26429DB800D5E19A /* iQuizTests */,
				0014772826429DB800D5E19A /* iQuizUITests */,
				0014770526429DB500D5E19A /* Products */,
			);
			sourceTree = "<group>";
		};
		0014770526429DB500D5E19A /* Products */ = {
			isa = PBXGroup;
			children = (
				0014770426429DB500D5E19A /* iQuiz.app */,
				0014771A26429DB800D5E19A /* iQuizTests.xctest */,
				0014772526429DB800D5E19A /* iQuizUITests.xctest */,
			);
			name = Products;
			sourceTree = "<group>";
		};
		0014770626429DB500D5E19A /* iQuiz */ = {
			isa = PBXGroup;
			children = (
				0014770726429DB500D5E19A /* AppDelegate.swift */,
				0014770926429DB500D5E19A /* SceneDelegate.swift */,
				0014770B26429DB500D5E19A /* ViewController.swift */,
				0014770D26429DB500D5E19A /* Main.storyboard */,
				0014771026429DB800D5E19A /* Assets.xcassets */,
				0014771226429DB800D5E19A /* LaunchScreen.storyboard */,
				0014771526429DB800D5E19A /* Info.plist */,
				0014773F264440A200D5E19A /* QuestionViewController.swift */,
			);
			path = iQuiz;
			sourceTree = "<group>";
		};
		0014771D26429DB800D5E19A /* iQuizTests */ = {
			isa = PBXGroup;
			children = (
				0014771E26429DB800D5E19A /* iQuizTests.swift */,
				0014772026429DB800D5E19A /* Info.plist */,
			);
			path = iQuizTests;
			sourceTree = "<group>";
		};
		0014772826429DB800D5E19A /* iQuizUITests */ = {
			isa = PBXGroup;
			children = (
				0014772926429DB800D5E19A /* iQuizUITests.swift */,
				0014772B26429DB800D5E19A /* Info.plist */,
			);
			path = iQuizUITests;
			sourceTree = "<group>";
		};
/* End PBXGroup section */

/* Begin PBXNativeTarget section */
		0014770326429DB500D5E19A /* iQuiz */ = {
			isa = PBXNativeTarget;
			buildConfigurationList = 0014772E26429DB800D5E19A /* Build configuration list for PBXNativeTarget "iQuiz" */;
			buildPhases = (
				0014770026429DB500D5E19A /* Sources */,
				0014770126429DB500D5E19A /* Frameworks */,
				0014770226429DB500D5E19A /* Resources */,
			);
			buildRules = (
			);
			dependencies = (
			);
			name = iQuiz;
			productName = iQuiz;
			productReference = 0014770426429DB500D5E19A /* iQuiz.app */;
			productType = "com.apple.product-type.application";
		};
		0014771926429DB800D5E19A /* iQuizTests */ = {
			isa = PBXNativeTarget;
			buildConfigurationList = 0014773126429DB800D5E19A /* Build configuration list for PBXNativeTarget "iQuizTests" */;
			buildPhases = (
				0014771626429DB800D5E19A /* Sources */,
				0014771726429DB800D5E19A /* Frameworks */,
				0014771826429DB800D5E19A /* Resources */,
			);
			buildRules = (
			);
			dependencies = (
				0014771C26429DB800D5E19A /* PBXTargetDependency */,
			);
			name = iQuizTests;
			productName = iQuizTests;
			productReference = 0014771A26429DB800D5E19A /* iQuizTests.xctest */;
			productType = "com.apple.product-type.bundle.unit-test";
		};
		0014772426429DB800D5E19A /* iQuizUITests */ = {
			isa = PBXNativeTarget;
			buildConfigurationList = 0014773426429DB800D5E19A /* Build configuration list for PBXNativeTarget "iQuizUITests" */;
			buildPhases = (
				0014772126429DB800D5E19A /* Sources */,
				0014772226429DB800D5E19A /* Frameworks */,
				0014772326429DB800D5E19A /* Resources */,
			);
			buildRules = (
			);
			dependencies = (
				0014772726429DB800D5E19A /* PBXTargetDependency */,
			);
			name = iQuizUITests;
			productName = iQuizUITests;
			productReference = 0014772526429DB800D5E19A /* iQuizUITests.xctest */;
			productType = "com.apple.product-type.bundle.ui-testing";
		};
/* End PBXNativeTarget section */

/* Begin PBXProject section */
		001476FC26429DB500D5E19A /* Project object */ = {
			isa = PBXProject;
			attributes = {
				LastSwiftUpdateCheck = 1240;
				LastUpgradeCheck = 1240;
				TargetAttributes = {
					0014770326429DB500D5E19A = {
						CreatedOnToolsVersion = 12.4;
					};
					0014771926429DB800D5E19A = {
						CreatedOnToolsVersion = 12.4;
						TestTargetID = 0014770326429DB500D5E19A;
					};
					0014772426429DB800D5E19A = {
						CreatedOnToolsVersion = 12.4;
						TestTargetID = 0014770326429DB500D5E19A;
					};
				};
			};
			buildConfigurationList = 001476FF26429DB500D5E19A /* Build configuration list for PBXProject "iQuiz" */;
			compatibilityVersion = "Xcode 9.3";
			developmentRegion = en;
			hasScannedForEncodings = 0;
			knownRegions = (
				en,
				Base,
			);
			mainGroup = 001476FB26429DB500D5E19A;
			productRefGroup = 0014770526429DB500D5E19A /* Products */;
			projectDirPath = "";
			projectRoot = "";
			targets = (
				0014770326429DB500D5E19A /* iQuiz */,
				0014771926429DB800D5E19A /* iQuizTests */,
				0014772426429DB800D5E19A /* iQuizUITests */,
			);
		};
/* End PBXProject section */

/* Begin PBXResourcesBuildPhase section */
		0014770226429DB500D5E19A /* Resources */ = {
			isa = PBXResourcesBuildPhase;
			buildActionMask = 2147483647;
			files = (
				0014771426429DB800D5E19A /* LaunchScreen.storyboard in Resources */,
				0014771126429DB800D5E19A /* Assets.xcassets in Resources */,
				0014770F26429DB500D5E19A /* Main.storyboard in Resources */,
			);
			runOnlyForDeploymentPostprocessing = 0;
		};
		0014771826429DB800D5E19A /* Resources */ = {
			isa = PBXResourcesBuildPhase;
			buildActionMask = 2147483647;
			files = (
			);
			runOnlyForDeploymentPostprocessing = 0;
		};
		0014772326429DB800D5E19A /* Resources */ = {
			isa = PBXResourcesBuildPhase;
			buildActionMask = 2147483647;
			files = (
			);
			runOnlyForDeploymentPostprocessing = 0;
		};
/* End PBXResourcesBuildPhase section */

/* Begin PBXSourcesBuildPhase section */
		0014770026429DB500D5E19A /* Sources */ = {
			isa = PBXSourcesBuildPhase;
			buildActionMask = 2147483647;
			files = (
				0014770C26429DB500D5E19A /* ViewController.swift in Sources */,
				0014770826429DB500D5E19A /* AppDelegate.swift in Sources */,
				00147740264440A200D5E19A /* QuestionViewController.swift in Sources */,
				0014770A26429DB500D5E19A /* SceneDelegate.swift in Sources */,
			);
			runOnlyForDeploymentPostprocessing = 0;
		};
		0014771626429DB800D5E19A /* Sources */ = {
			isa = PBXSourcesBuildPhase;
			buildActionMask = 2147483647;
			files = (
				0014771F26429DB800D5E19A /* iQuizTests.swift in Sources */,
			);
			runOnlyForDeploymentPostprocessing = 0;
		};
		0014772126429DB800D5E19A /* Sources */ = {
			isa = PBXSourcesBuildPhase;
			buildActionMask = 2147483647;
			files = (
				0014772A26429DB800D5E19A /* iQuizUITests.swift in Sources */,
			);
			runOnlyForDeploymentPostprocessing = 0;
		};
/* End PBXSourcesBuildPhase section */

/* Begin PBXTargetDependency section */
		0014771C26429DB800D5E19A /* PBXTargetDependency */ = {
			isa = PBXTargetDependency;
			target = 0014770326429DB500D5E19A /* iQuiz */;
			targetProxy = 0014771B26429DB800D5E19A /* PBXContainerItemProxy */;
		};
		0014772726429DB800D5E19A /* PBXTargetDependency */ = {
			isa = PBXTargetDependency;
			target = 0014770326429DB500D5E19A /* iQuiz */;
			targetProxy = 0014772626429DB800D5E19A /* PBXContainerItemProxy */;
		};
/* End PBXTargetDependency section */

/* Begin PBXVariantGroup section */
		0014770D26429DB500D5E19A /* Main.storyboard */ = {
			isa = PBXVariantGroup;
			children = (
				0014770E26429DB500D5E19A /* Base */,
			);
			name = Main.storyboard;
			sourceTree = "<group>";
		};
		0014771226429DB800D5E19A /* LaunchScreen.storyboard */ = {
			isa = PBXVariantGroup;
			children = (
				0014771326429DB800D5E19A /* Base */,
			);
			name = LaunchScreen.storyboard;
			sourceTree = "<group>";
		};
/* End PBXVariantGroup section */

/* Begin XCBuildConfiguration section */
		0014772C26429DB800D5E19A /* Debug */ = {
			isa = XCBuildConfiguration;
			buildSettings = {
				ALWAYS_SEARCH_USER_PATHS = NO;
				CLANG_ANALYZER_NONNULL = YES;
				CLANG_ANALYZER_NUMBER_OBJECT_CONVERSION = YES_AGGRESSIVE;
				CLANG_CXX_LANGUAGE_STANDARD = "gnu++14";
				CLANG_CXX_LIBRARY = "libc++";
				CLANG_ENABLE_MODULES = YES;
				CLANG_ENABLE_OBJC_ARC = YES;
				CLANG_ENABLE_OBJC_WEAK = YES;
				CLANG_WARN_BLOCK_CAPTURE_AUTORELEASING = YES;
				CLANG_WARN_BOOL_CONVERSION = YES;
				CLANG_WARN_COMMA = YES;
				CLANG_WARN_CONSTANT_CONVERSION = YES;
				CLANG_WARN_DEPRECATED_OBJC_IMPLEMENTATIONS = YES;
				CLANG_WARN_DIRECT_OBJC_ISA_USAGE = YES_ERROR;
				CLANG_WARN_DOCUMENTATION_COMMENTS = YES;
				CLANG_WARN_EMPTY_BODY = YES;
				CLANG_WARN_ENUM_CONVERSION = YES;
				CLANG_WARN_INFINITE_RECURSION = YES;
				CLANG_WARN_INT_CONVERSION = YES;
				CLANG_WARN_NON_LITERAL_NULL_CONVERSION = YES;
				CLANG_WARN_OBJC_IMPLICIT_RETAIN_SELF = YES;
				CLANG_WARN_OBJC_LITERAL_CONVERSION = YES;
				CLANG_WARN_OBJC_ROOT_CLASS = YES_ERROR;
				CLANG_WARN_QUOTED_INCLUDE_IN_FRAMEWORK_HEADER = YES;
				CLANG_WARN_RANGE_LOOP_ANALYSIS = YES;
				CLANG_WARN_STRICT_PROTOTYPES = YES;
				CLANG_WARN_SUSPICIOUS_MOVE = YES;
				CLANG_WARN_UNGUARDED_AVAILABILITY = YES_AGGRESSIVE;
				CLANG_WARN_UNREACHABLE_CODE = YES;
				CLANG_WARN__DUPLICATE_METHOD_MATCH = YES;
				COPY_PHASE_STRIP = NO;
				DEBUG_INFORMATION_FORMAT = dwarf;
				ENABLE_STRICT_OBJC_MSGSEND = YES;
				ENABLE_TESTABILITY = YES;
				GCC_C_LANGUAGE_STANDARD = gnu11;
				GCC_DYNAMIC_NO_PIC = NO;
				GCC_NO_COMMON_BLOCKS = YES;
				GCC_OPTIMIZATION_LEVEL = 0;
				GCC_PREPROCESSOR_DEFINITIONS = (
					"DEBUG=1",
					"$(inherited)",
				);
				GCC_WARN_64_TO_32_BIT_CONVERSION = YES;
				GCC_WARN_ABOUT_RETURN_TYPE = YES_ERROR;
				GCC_WARN_UNDECLARED_SELECTOR = YES;
				GCC_WARN_UNINITIALIZED_AUTOS = YES_AGGRESSIVE;
				GCC_WARN_UNUSED_FUNCTION = YES;
				GCC_WARN_UNUSED_VARIABLE = YES;
				IPHONEOS_DEPLOYMENT_TARGET = 14.4;
				MTL_ENABLE_DEBUG_INFO = INCLUDE_SOURCE;
				MTL_FAST_MATH = YES;
				ONLY_ACTIVE_ARCH = YES;
				SDKROOT = iphoneos;
				SWIFT_ACTIVE_COMPILATION_CONDITIONS = DEBUG;
				SWIFT_OPTIMIZATION_LEVEL = "-Onone";
			};
			name = Debug;
		};
		0014772D26429DB800D5E19A /* Release */ = {
			isa = XCBuildConfiguration;
			buildSettings = {
				ALWAYS_SEARCH_USER_PATHS = NO;
				CLANG_ANALYZER_NONNULL = YES;
				CLANG_ANALYZER_NUMBER_OBJECT_CONVERSION = YES_AGGRESSIVE;
				CLANG_CXX_LANGUAGE_STANDARD = "gnu++14";
				CLANG_CXX_LIBRARY = "libc++";
				CLANG_ENABLE_MODULES = YES;
				CLANG_ENABLE_OBJC_ARC = YES;
				CLANG_ENABLE_OBJC_WEAK = YES;
				CLANG_WARN_BLOCK_CAPTURE_AUTORELEASING = YES;
				CLANG_WARN_BOOL_CONVERSION = YES;
				CLANG_WARN_COMMA = YES;
				CLANG_WARN_CONSTANT_CONVERSION = YES;
				CLANG_WARN_DEPRECATED_OBJC_IMPLEMENTATIONS = YES;
				CLANG_WARN_DIRECT_OBJC_ISA_USAGE = YES_ERROR;
				CLANG_WARN_DOCUMENTATION_COMMENTS = YES;
				CLANG_WARN_EMPTY_BODY = YES;
				CLANG_WARN_ENUM_CONVERSION = YES;
				CLANG_WARN_INFINITE_RECURSION = YES;
				CLANG_WARN_INT_CONVERSION = YES;
				CLANG_WARN_NON_LITERAL_NULL_CONVERSION = YES;
				CLANG_WARN_OBJC_IMPLICIT_RETAIN_SELF = YES;
				CLANG_WARN_OBJC_LITERAL_CONVERSION = YES;
				CLANG_WARN_OBJC_ROOT_CLASS = YES_ERROR;
				CLANG_WARN_QUOTED_INCLUDE_IN_FRAMEWORK_HEADER = YES;
				CLANG_WARN_RANGE_LOOP_ANALYSIS = YES;
				CLANG_WARN_STRICT_PROTOTYPES = YES;
				CLANG_WARN_SUSPICIOUS_MOVE = YES;
				CLANG_WARN_UNGUARDED_AVAILABILITY = YES_AGGRESSIVE;
				CLANG_WARN_UNREACHABLE_CODE = YES;
				CLANG_WARN__DUPLICATE_METHOD_MATCH = YES;
				COPY_PHASE_STRIP = NO;
				DEBUG_INFORMATION_FORMAT = "dwarf-with-dsym";
				ENABLE_NS_ASSERTIONS = NO;
				ENABLE_STRICT_OBJC_MSGSEND = YES;
				GCC_C_LANGUAGE_STANDARD = gnu11;
				GCC_NO_COMMON_BLOCKS = YES;
				GCC_WARN_64_TO_32_BIT_CONVERSION = YES;
				GCC_WARN_ABOUT_RETURN_TYPE = YES_ERROR;
				GCC_WARN_UNDECLARED_SELECTOR = YES;
				GCC_WARN_UNINITIALIZED_AUTOS = YES_AGGRESSIVE;
				GCC_WARN_UNUSED_FUNCTION = YES;
				GCC_WARN_UNUSED_VARIABLE = YES;
				IPHONEOS_DEPLOYMENT_TARGET = 14.4;
				MTL_ENABLE_DEBUG_INFO = NO;
				MTL_FAST_MATH = YES;
				SDKROOT = iphoneos;
				SWIFT_COMPILATION_MODE = wholemodule;
				SWIFT_OPTIMIZATION_LEVEL = "-O";
				VALIDATE_PRODUCT = YES;
			};
			name = Release;
		};
		0014772F26429DB800D5E19A /* Debug */ = {
			isa = XCBuildConfiguration;
			buildSettings = {
				ASSETCATALOG_COMPILER_APPICON_NAME = AppIcon;
				ASSETCATALOG_COMPILER_GLOBAL_ACCENT_COLOR_NAME = AccentColor;
				CODE_SIGN_STYLE = Automatic;
				DEVELOPMENT_TEAM = D65YZ8K5P9;
				INFOPLIST_FILE = iQuiz/Info.plist;
				LD_RUNPATH_SEARCH_PATHS = (
					"$(inherited)",
					"@executable_path/Frameworks",
				);
				PRODUCT_BUNDLE_IDENTIFIER = test.iQuiz;
				PRODUCT_NAME = "$(TARGET_NAME)";
				SWIFT_VERSION = 5.0;
				TARGETED_DEVICE_FAMILY = "1,2";
			};
			name = Debug;
		};
		0014773026429DB800D5E19A /* Release */ = {
			isa = XCBuildConfiguration;
			buildSettings = {
				ASSETCATALOG_COMPILER_APPICON_NAME = AppIcon;
				ASSETCATALOG_COMPILER_GLOBAL_ACCENT_COLOR_NAME = AccentColor;
				CODE_SIGN_STYLE = Automatic;
				DEVELOPMENT_TEAM = D65YZ8K5P9;
				INFOPLIST_FILE = iQuiz/Info.plist;
				LD_RUNPATH_SEARCH_PATHS = (
					"$(inherited)",
					"@executable_path/Frameworks",
				);
				PRODUCT_BUNDLE_IDENTIFIER = test.iQuiz;
				PRODUCT_NAME = "$(TARGET_NAME)";
				SWIFT_VERSION = 5.0;
				TARGETED_DEVICE_FAMILY = "1,2";
			};
			name = Release;
		};
		0014773226429DB800D5E19A /* Debug */ = {
			isa = XCBuildConfiguration;
			buildSettings = {
				ALWAYS_EMBED_SWIFT_STANDARD_LIBRARIES = YES;
				BUNDLE_LOADER = "$(TEST_HOST)";
				CODE_SIGN_STYLE = Automatic;
				DEVELOPMENT_TEAM = D65YZ8K5P9;
				INFOPLIST_FILE = iQuizTests/Info.plist;
				IPHONEOS_DEPLOYMENT_TARGET = 14.4;
				LD_RUNPATH_SEARCH_PATHS = (
					"$(inherited)",
					"@executable_path/Frameworks",
					"@loader_path/Frameworks",
				);
				PRODUCT_BUNDLE_IDENTIFIER = test.iQuizTests;
				PRODUCT_NAME = "$(TARGET_NAME)";
				SWIFT_VERSION = 5.0;
				TARGETED_DEVICE_FAMILY = "1,2";
				TEST_HOST = "$(BUILT_PRODUCTS_DIR)/iQuiz.app/iQuiz";
			};
			name = Debug;
		};
		0014773326429DB800D5E19A /* Release */ = {
			isa = XCBuildConfiguration;
			buildSettings = {
				ALWAYS_EMBED_SWIFT_STANDARD_LIBRARIES = YES;
				BUNDLE_LOADER = "$(TEST_HOST)";
				CODE_SIGN_STYLE = Automatic;
				DEVELOPMENT_TEAM = D65YZ8K5P9;
				INFOPLIST_FILE = iQuizTests/Info.plist;
				IPHONEOS_DEPLOYMENT_TARGET = 14.4;
				LD_RUNPATH_SEARCH_PATHS = (
					"$(inherited)",
					"@executable_path/Frameworks",
					"@loader_path/Frameworks",
				);
				PRODUCT_BUNDLE_IDENTIFIER = test.iQuizTests;
				PRODUCT_NAME = "$(TARGET_NAME)";
				SWIFT_VERSION = 5.0;
				TARGETED_DEVICE_FAMILY = "1,2";
				TEST_HOST = "$(BUILT_PRODUCTS_DIR)/iQuiz.app/iQuiz";
			};
			name = Release;
		};
		0014773526429DB800D5E19A /* Debug */ = {
			isa = XCBuildConfiguration;
			buildSettings = {
				ALWAYS_EMBED_SWIFT_STANDARD_LIBRARIES = YES;
				CODE_SIGN_STYLE = Automatic;
				DEVELOPMENT_TEAM = D65YZ8K5P9;
				INFOPLIST_FILE = iQuizUITests/Info.plist;
				LD_RUNPATH_SEARCH_PATHS = (
					"$(inherited)",
					"@executable_path/Frameworks",
					"@loader_path/Frameworks",
				);
				PRODUCT_BUNDLE_IDENTIFIER = test.iQuizUITests;
				PRODUCT_NAME = "$(TARGET_NAME)";
				SWIFT_VERSION = 5.0;
				TARGETED_DEVICE_FAMILY = "1,2";
				TEST_TARGET_NAME = iQuiz;
			};
			name = Debug;
		};
		0014773626429DB800D5E19A /* Release */ = {
			isa = XCBuildConfiguration;
			buildSettings = {
				ALWAYS_EMBED_SWIFT_STANDARD_LIBRARIES = YES;
				CODE_SIGN_STYLE = Automatic;
				DEVELOPMENT_TEAM = D65YZ8K5P9;
				INFOPLIST_FILE = iQuizUITests/Info.plist;
				LD_RUNPATH_SEARCH_PATHS = (
					"$(inherited)",
					"@executable_path/Frameworks",
					"@loader_path/Frameworks",
				);
				PRODUCT_BUNDLE_IDENTIFIER = test.iQuizUITests;
				PRODUCT_NAME = "$(TARGET_NAME)";
				SWIFT_VERSION = 5.0;
				TARGETED_DEVICE_FAMILY = "1,2";
				TEST_TARGET_NAME = iQuiz;
			};
			name = Release;
		};
/* End XCBuildConfiguration section */

/* Begin XCConfigurationList section */
		001476FF26429DB500D5E19A /* Build configuration list for PBXProject "iQuiz" */ = {
			isa = XCConfigurationList;
			buildConfigurations = (
				0014772C26429DB800D5E19A /* Debug */,
				0014772D26429DB800D5E19A /* Release */,
			);
			defaultConfigurationIsVisible = 0;
			defaultConfigurationName = Release;
		};
		0014772E26429DB800D5E19A /* Build configuration list for PBXNativeTarget "iQuiz" */ = {
			isa = XCConfigurationList;
			buildConfigurations = (
				0014772F26429DB800D5E19A /* Debug */,
				0014773026429DB800D5E19A /* Release */,
			);
			defaultConfigurationIsVisible = 0;
			defaultConfigurationName = Release;
		};
		0014773126429DB800D5E19A /* Build configuration list for PBXNativeTarget "iQuizTests" */ = {
			isa = XCConfigurationList;
			buildConfigurations = (
				0014773226429DB800D5E19A /* Debug */,
				0014773326429DB800D5E19A /* Release */,
			);
			defaultConfigurationIsVisible = 0;
			defaultConfigurationName = Release;
		};
		0014773426429DB800D5E19A /* Build configuration list for PBXNativeTarget "iQuizUITests" */ = {
			isa = XCConfigurationList;
			buildConfigurations = (
				0014773526429DB800D5E19A /* Debug */,
				0014773626429DB800D5E19A /* Release */,
			);
			defaultConfigurationIsVisible = 0;
			defaultConfigurationName = Release;
		};
/* End XCConfigurationList section */
	};
	rootObject = 001476FC26429DB500D5E19A /* Project object */;
}
